// !$*UTF8*$!
{
	archiveVersion = 1;
	classes = {
	};
	objectVersion = 46;
	objects = {

/* Begin PBXBuildFile section */
		780C797E1E8155EA00E3369A /* ChargesTableViewController.swift in Sources */ = {isa = PBXBuildFile; fileRef = 780C797D1E8155EA00E3369A /* ChargesTableViewController.swift */; };
		780C79801E81560C00E3369A /* Charge.swift in Sources */ = {isa = PBXBuildFile; fileRef = 780C797F1E81560C00E3369A /* Charge.swift */; };
		780C79821E815C6200E3369A /* ChargeTableViewCell.swift in Sources */ = {isa = PBXBuildFile; fileRef = 780C79811E815C6200E3369A /* ChargeTableViewCell.swift */; };
		781A85B31E87A4900024A5D6 /* GasStationLocationViewController.swift in Sources */ = {isa = PBXBuildFile; fileRef = 781A85B21E87A4900024A5D6 /* GasStationLocationViewController.swift */; };
		781A85B51E87C3290024A5D6 /* LocationSearchTable.swift in Sources */ = {isa = PBXBuildFile; fileRef = 781A85B41E87C3290024A5D6 /* LocationSearchTable.swift */; };
		781A85B91E87EEA70024A5D6 /* ChargeLocationViewController.swift in Sources */ = {isa = PBXBuildFile; fileRef = 781A85B81E87EEA70024A5D6 /* ChargeLocationViewController.swift */; };
		783D7A1F1E8AF78100B2A054 /* GasStationFromDbModel.swift in Sources */ = {isa = PBXBuildFile; fileRef = 783D7A1E1E8AF78100B2A054 /* GasStationFromDbModel.swift */; };
		784C7BAD1E8B9475000365BE /* ChargesData.swift in Sources */ = {isa = PBXBuildFile; fileRef = 784C7BAC1E8B9475000365BE /* ChargesData.swift */; };
		784C7BAF1E8B9560000365BE /* ChargesDataDelegate.swift in Sources */ = {isa = PBXBuildFile; fileRef = 784C7BAE1E8B9560000365BE /* ChargesDataDelegate.swift */; };
		784C7BB11E8B9AD7000365BE /* CurrentChargeFromDbModel.swift in Sources */ = {isa = PBXBuildFile; fileRef = 784C7BB01E8B9AD7000365BE /* CurrentChargeFromDbModel.swift */; };
		7850CD5E1E8975F500FF44C5 /* GasStationFromDict.swift in Sources */ = {isa = PBXBuildFile; fileRef = 7850CD5D1E8975F500FF44C5 /* GasStationFromDict.swift */; };
		7850CD601E898A4200FF44C5 /* MKGasStation.swift in Sources */ = {isa = PBXBuildFile; fileRef = 7850CD5F1E898A4200FF44C5 /* MKGasStation.swift */; };
		78537CD01E7C38D1005BBC24 /* AppDelegate.swift in Sources */ = {isa = PBXBuildFile; fileRef = 78537CCF1E7C38D1005BBC24 /* AppDelegate.swift */; };
		78537CD51E7C38D1005BBC24 /* Main.storyboard in Resources */ = {isa = PBXBuildFile; fileRef = 78537CD31E7C38D1005BBC24 /* Main.storyboard */; };
		78537CD71E7C38D1005BBC24 /* Assets.xcassets in Resources */ = {isa = PBXBuildFile; fileRef = 78537CD61E7C38D1005BBC24 /* Assets.xcassets */; };
		78537CDA1E7C38D1005BBC24 /* LaunchScreen.storyboard in Resources */ = {isa = PBXBuildFile; fileRef = 78537CD81E7C38D1005BBC24 /* LaunchScreen.storyboard */; };
		789F70131E8917FD00F96B0A /* GoogleService-Info.plist in Resources */ = {isa = PBXBuildFile; fileRef = 789F70121E8917FD00F96B0A /* GoogleService-Info.plist */; };
		78B4C1561E7D150700D17916 /* BaseFCViewController.swift in Sources */ = {isa = PBXBuildFile; fileRef = 78B4C1551E7D150700D17916 /* BaseFCViewController.swift */; };
		78C1F6381E8AB0110032AC2D /* DbModelCharge.swift in Sources */ = {isa = PBXBuildFile; fileRef = 78C1F6371E8AB0110032AC2D /* DbModelCharge.swift */; };
		78C1F63A1E8AB04F0032AC2D /* DbModelGasStation.swift in Sources */ = {isa = PBXBuildFile; fileRef = 78C1F6391E8AB04F0032AC2D /* DbModelGasStation.swift */; };
		78C1F63D1E8AB08E0032AC2D /* DbModel.xcdatamodeld in Sources */ = {isa = PBXBuildFile; fileRef = 78C1F63B1E8AB08E0032AC2D /* DbModel.xcdatamodeld */; };
		78C1F63F1E8AC2290032AC2D /* BaseRemoteGasStationData.swift in Sources */ = {isa = PBXBuildFile; fileRef = 78C1F63E1E8AC2290032AC2D /* BaseRemoteGasStationData.swift */; };
		78C1F6411E8AC2B00032AC2D /* GasStationData.swift in Sources */ = {isa = PBXBuildFile; fileRef = 78C1F6401E8AC2B00032AC2D /* GasStationData.swift */; };
		78C1F6431E8AC4E70032AC2D /* RemoteGasStationDataDelegate.swift in Sources */ = {isa = PBXBuildFile; fileRef = 78C1F6421E8AC4E70032AC2D /* RemoteGasStationDataDelegate.swift */; };
		78CDFB961E850E0F00A7D1C2 /* CurrentChargeViewController.swift in Sources */ = {isa = PBXBuildFile; fileRef = 78CDFB951E850E0F00A7D1C2 /* CurrentChargeViewController.swift */; };
		78CF6F351E8928440096DCB4 /* GasStation.swift in Sources */ = {isa = PBXBuildFile; fileRef = 78CF6F341E8928440096DCB4 /* GasStation.swift */; };
		78CF6F3A1E892F040096DCB4 /* BaseGasStationData.swift in Sources */ = {isa = PBXBuildFile; fileRef = 78CF6F391E892F040096DCB4 /* BaseGasStationData.swift */; };
		78CF6F3D1E8930AB0096DCB4 /* GasStationDataDelegate.swift in Sources */ = {isa = PBXBuildFile; fileRef = 78CF6F3C1E8930AB0096DCB4 /* GasStationDataDelegate.swift */; };
		78CF6F3F1E89313C0096DCB4 /* FireBaseGasStationData.swift in Sources */ = {isa = PBXBuildFile; fileRef = 78CF6F3E1E89313C0096DCB4 /* FireBaseGasStationData.swift */; };
		78E20A571E86549200001E58 /* VCDismissKeyboardExtension.swift in Sources */ = {isa = PBXBuildFile; fileRef = 78E20A561E86549200001E58 /* VCDismissKeyboardExtension.swift */; };
		78E20A591E86715000001E58 /* ChargingViewController.swift in Sources */ = {isa = PBXBuildFile; fileRef = 78E20A581E86715000001E58 /* ChargingViewController.swift */; };
		78E6120A1E828ADE0098B35B /* GraphViewController.swift in Sources */ = {isa = PBXBuildFile; fileRef = 78E612091E828ADE0098B35B /* GraphViewController.swift */; };
		78E6120C1E828B3A0098B35B /* GraphView.swift in Sources */ = {isa = PBXBuildFile; fileRef = 78E6120B1E828B3A0098B35B /* GraphView.swift */; };
		78F6C6241E8B8FE90020CB3E /* DbModelCurrentCharge.swift in Sources */ = {isa = PBXBuildFile; fileRef = 78F6C6231E8B8FE90020CB3E /* DbModelCurrentCharge.swift */; };
		78F6C6261E8B91200020CB3E /* BaseChargesData.swift in Sources */ = {isa = PBXBuildFile; fileRef = 78F6C6251E8B91200020CB3E /* BaseChargesData.swift */; };
		78F6C6281E8B91750020CB3E /* CurrentCharge.swift in Sources */ = {isa = PBXBuildFile; fileRef = 78F6C6271E8B91750020CB3E /* CurrentCharge.swift */; };
		78F7E9041E7D2E8C0081E4B6 /* BaseFuelCalculatorBrain.swift in Sources */ = {isa = PBXBuildFile; fileRef = 78F7E9031E7D2E8C0081E4B6 /* BaseFuelCalculatorBrain.swift */; };
		8188A359A0EE1E1D44DB9043 /* Pods_Fuel_economy_smart_calc_.framework in Frameworks */ = {isa = PBXBuildFile; fileRef = 8322E4FBD878951C516B6925 /* Pods_Fuel_economy_smart_calc_.framework */; };
/* End PBXBuildFile section */

/* Begin PBXFileReference section */
		780C797D1E8155EA00E3369A /* ChargesTableViewController.swift */ = {isa = PBXFileReference; fileEncoding = 4; lastKnownFileType = sourcecode.swift; path = ChargesTableViewController.swift; sourceTree = "<group>"; };
		780C797F1E81560C00E3369A /* Charge.swift */ = {isa = PBXFileReference; fileEncoding = 4; lastKnownFileType = sourcecode.swift; path = Charge.swift; sourceTree = "<group>"; };
		780C79811E815C6200E3369A /* ChargeTableViewCell.swift */ = {isa = PBXFileReference; fileEncoding = 4; lastKnownFileType = sourcecode.swift; path = ChargeTableViewCell.swift; sourceTree = "<group>"; };
		781A85B21E87A4900024A5D6 /* GasStationLocationViewController.swift */ = {isa = PBXFileReference; fileEncoding = 4; lastKnownFileType = sourcecode.swift; path = GasStationLocationViewController.swift; sourceTree = "<group>"; };
		781A85B41E87C3290024A5D6 /* LocationSearchTable.swift */ = {isa = PBXFileReference; fileEncoding = 4; lastKnownFileType = sourcecode.swift; path = LocationSearchTable.swift; sourceTree = "<group>"; };
		781A85B81E87EEA70024A5D6 /* ChargeLocationViewController.swift */ = {isa = PBXFileReference; fileEncoding = 4; lastKnownFileType = sourcecode.swift; path = ChargeLocationViewController.swift; sourceTree = "<group>"; };
		783D7A1E1E8AF78100B2A054 /* GasStationFromDbModel.swift */ = {isa = PBXFileReference; fileEncoding = 4; lastKnownFileType = sourcecode.swift; path = GasStationFromDbModel.swift; sourceTree = "<group>"; };
		784C7BAC1E8B9475000365BE /* ChargesData.swift */ = {isa = PBXFileReference; fileEncoding = 4; lastKnownFileType = sourcecode.swift; path = ChargesData.swift; sourceTree = "<group>"; };
		784C7BAE1E8B9560000365BE /* ChargesDataDelegate.swift */ = {isa = PBXFileReference; fileEncoding = 4; lastKnownFileType = sourcecode.swift; path = ChargesDataDelegate.swift; sourceTree = "<group>"; };
		784C7BB01E8B9AD7000365BE /* CurrentChargeFromDbModel.swift */ = {isa = PBXFileReference; fileEncoding = 4; lastKnownFileType = sourcecode.swift; path = CurrentChargeFromDbModel.swift; sourceTree = "<group>"; };
		7850CD5D1E8975F500FF44C5 /* GasStationFromDict.swift */ = {isa = PBXFileReference; fileEncoding = 4; lastKnownFileType = sourcecode.swift; path = GasStationFromDict.swift; sourceTree = "<group>"; };
		7850CD5F1E898A4200FF44C5 /* MKGasStation.swift */ = {isa = PBXFileReference; fileEncoding = 4; lastKnownFileType = sourcecode.swift; path = MKGasStation.swift; sourceTree = "<group>"; };
		78537CCC1E7C38D1005BBC24 /* Fuel economy smart calc..app */ = {isa = PBXFileReference; explicitFileType = wrapper.application; includeInIndex = 0; path = "Fuel economy smart calc..app"; sourceTree = BUILT_PRODUCTS_DIR; };
		78537CCF1E7C38D1005BBC24 /* AppDelegate.swift */ = {isa = PBXFileReference; lastKnownFileType = sourcecode.swift; path = AppDelegate.swift; sourceTree = "<group>"; };
		78537CD41E7C38D1005BBC24 /* Base */ = {isa = PBXFileReference; lastKnownFileType = file.storyboard; name = Base; path = Base.lproj/Main.storyboard; sourceTree = "<group>"; };
		78537CD61E7C38D1005BBC24 /* Assets.xcassets */ = {isa = PBXFileReference; lastKnownFileType = folder.assetcatalog; path = Assets.xcassets; sourceTree = "<group>"; };
		78537CD91E7C38D1005BBC24 /* Base */ = {isa = PBXFileReference; lastKnownFileType = file.storyboard; name = Base; path = Base.lproj/LaunchScreen.storyboard; sourceTree = "<group>"; };
		78537CDB1E7C38D1005BBC24 /* Info.plist */ = {isa = PBXFileReference; lastKnownFileType = text.plist.xml; path = Info.plist; sourceTree = "<group>"; };
		789F70121E8917FD00F96B0A /* GoogleService-Info.plist */ = {isa = PBXFileReference; fileEncoding = 4; lastKnownFileType = text.plist.xml; path = "GoogleService-Info.plist"; sourceTree = "<group>"; };
		78B4C1551E7D150700D17916 /* BaseFCViewController.swift */ = {isa = PBXFileReference; fileEncoding = 4; lastKnownFileType = sourcecode.swift; path = BaseFCViewController.swift; sourceTree = "<group>"; };
		78C1F6371E8AB0110032AC2D /* DbModelCharge.swift */ = {isa = PBXFileReference; fileEncoding = 4; lastKnownFileType = sourcecode.swift; path = DbModelCharge.swift; sourceTree = "<group>"; };
		78C1F6391E8AB04F0032AC2D /* DbModelGasStation.swift */ = {isa = PBXFileReference; fileEncoding = 4; lastKnownFileType = sourcecode.swift; path = DbModelGasStation.swift; sourceTree = "<group>"; };
		78C1F63C1E8AB08E0032AC2D /* DbModel.xcdatamodel */ = {isa = PBXFileReference; lastKnownFileType = wrapper.xcdatamodel; path = DbModel.xcdatamodel; sourceTree = "<group>"; };
		78C1F63E1E8AC2290032AC2D /* BaseRemoteGasStationData.swift */ = {isa = PBXFileReference; fileEncoding = 4; lastKnownFileType = sourcecode.swift; path = BaseRemoteGasStationData.swift; sourceTree = "<group>"; };
		78C1F6401E8AC2B00032AC2D /* GasStationData.swift */ = {isa = PBXFileReference; fileEncoding = 4; lastKnownFileType = sourcecode.swift; path = GasStationData.swift; sourceTree = "<group>"; };
		78C1F6421E8AC4E70032AC2D /* RemoteGasStationDataDelegate.swift */ = {isa = PBXFileReference; fileEncoding = 4; lastKnownFileType = sourcecode.swift; path = RemoteGasStationDataDelegate.swift; sourceTree = "<group>"; };
		78CDFB951E850E0F00A7D1C2 /* CurrentChargeViewController.swift */ = {isa = PBXFileReference; fileEncoding = 4; lastKnownFileType = sourcecode.swift; path = CurrentChargeViewController.swift; sourceTree = "<group>"; };
		78CF6F341E8928440096DCB4 /* GasStation.swift */ = {isa = PBXFileReference; fileEncoding = 4; lastKnownFileType = sourcecode.swift; path = GasStation.swift; sourceTree = "<group>"; };
		78CF6F391E892F040096DCB4 /* BaseGasStationData.swift */ = {isa = PBXFileReference; fileEncoding = 4; lastKnownFileType = sourcecode.swift; path = BaseGasStationData.swift; sourceTree = "<group>"; };
		78CF6F3C1E8930AB0096DCB4 /* GasStationDataDelegate.swift */ = {isa = PBXFileReference; fileEncoding = 4; lastKnownFileType = sourcecode.swift; path = GasStationDataDelegate.swift; sourceTree = "<group>"; };
		78CF6F3E1E89313C0096DCB4 /* FireBaseGasStationData.swift */ = {isa = PBXFileReference; fileEncoding = 4; lastKnownFileType = sourcecode.swift; path = FireBaseGasStationData.swift; sourceTree = "<group>"; };
		78E20A561E86549200001E58 /* VCDismissKeyboardExtension.swift */ = {isa = PBXFileReference; fileEncoding = 4; lastKnownFileType = sourcecode.swift; path = VCDismissKeyboardExtension.swift; sourceTree = "<group>"; };
		78E20A581E86715000001E58 /* ChargingViewController.swift */ = {isa = PBXFileReference; fileEncoding = 4; lastKnownFileType = sourcecode.swift; path = ChargingViewController.swift; sourceTree = "<group>"; };
		78E612091E828ADE0098B35B /* GraphViewController.swift */ = {isa = PBXFileReference; fileEncoding = 4; lastKnownFileType = sourcecode.swift; path = GraphViewController.swift; sourceTree = "<group>"; };
		78E6120B1E828B3A0098B35B /* GraphView.swift */ = {isa = PBXFileReference; fileEncoding = 4; lastKnownFileType = sourcecode.swift; path = GraphView.swift; sourceTree = "<group>"; };
		78F6C6231E8B8FE90020CB3E /* DbModelCurrentCharge.swift */ = {isa = PBXFileReference; fileEncoding = 4; lastKnownFileType = sourcecode.swift; path = DbModelCurrentCharge.swift; sourceTree = "<group>"; };
		78F6C6251E8B91200020CB3E /* BaseChargesData.swift */ = {isa = PBXFileReference; fileEncoding = 4; lastKnownFileType = sourcecode.swift; path = BaseChargesData.swift; sourceTree = "<group>"; };
		78F6C6271E8B91750020CB3E /* CurrentCharge.swift */ = {isa = PBXFileReference; fileEncoding = 4; lastKnownFileType = sourcecode.swift; path = CurrentCharge.swift; sourceTree = "<group>"; };
		78F7E9031E7D2E8C0081E4B6 /* BaseFuelCalculatorBrain.swift */ = {isa = PBXFileReference; fileEncoding = 4; lastKnownFileType = sourcecode.swift; path = BaseFuelCalculatorBrain.swift; sourceTree = "<group>"; };
		8322E4FBD878951C516B6925 /* Pods_Fuel_economy_smart_calc_.framework */ = {isa = PBXFileReference; explicitFileType = wrapper.framework; includeInIndex = 0; path = Pods_Fuel_economy_smart_calc_.framework; sourceTree = BUILT_PRODUCTS_DIR; };
		8A2034E15604D52A14D31A88 /* Pods-Fuel economy smart calc..release.xcconfig */ = {isa = PBXFileReference; includeInIndex = 1; lastKnownFileType = text.xcconfig; name = "Pods-Fuel economy smart calc..release.xcconfig"; path = "Pods/Target Support Files/Pods-Fuel economy smart calc./Pods-Fuel economy smart calc..release.xcconfig"; sourceTree = "<group>"; };
		C3C69D147A7C07A590E354ED /* Pods-Fuel economy smart calc..debug.xcconfig */ = {isa = PBXFileReference; includeInIndex = 1; lastKnownFileType = text.xcconfig; name = "Pods-Fuel economy smart calc..debug.xcconfig"; path = "Pods/Target Support Files/Pods-Fuel economy smart calc./Pods-Fuel economy smart calc..debug.xcconfig"; sourceTree = "<group>"; };
/* End PBXFileReference section */

/* Begin PBXFrameworksBuildPhase section */
		78537CC91E7C38D0005BBC24 /* Frameworks */ = {
			isa = PBXFrameworksBuildPhase;
			buildActionMask = 2147483647;
			files = (
				8188A359A0EE1E1D44DB9043 /* Pods_Fuel_economy_smart_calc_.framework in Frameworks */,
			);
			runOnlyForDeploymentPostprocessing = 0;
		};
/* End PBXFrameworksBuildPhase section */

/* Begin PBXGroup section */
		502EF40768150AF9035AAD80 /* Pods */ = {
			isa = PBXGroup;
			children = (
				C3C69D147A7C07A590E354ED /* Pods-Fuel economy smart calc..debug.xcconfig */,
				8A2034E15604D52A14D31A88 /* Pods-Fuel economy smart calc..release.xcconfig */,
			);
			name = Pods;
			sourceTree = "<group>";
		};
		781A85B61E87ED270024A5D6 /* CurrentCharge */ = {
			isa = PBXGroup;
			children = (
				78CDFB951E850E0F00A7D1C2 /* CurrentChargeViewController.swift */,
			);
			name = CurrentCharge;
			sourceTree = "<group>";
		};
		781A85B71E87ED3A0024A5D6 /* Charging */ = {
			isa = PBXGroup;
			children = (
				781A85B21E87A4900024A5D6 /* GasStationLocationViewController.swift */,
				781A85B41E87C3290024A5D6 /* LocationSearchTable.swift */,
				78E20A581E86715000001E58 /* ChargingViewController.swift */,
			);
			name = Charging;
			sourceTree = "<group>";
		};
		78455B331E8042EF00C7013F /* Base Fuel Calculator */ = {
			isa = PBXGroup;
			children = (
				78B4C1551E7D150700D17916 /* BaseFCViewController.swift */,
			);
			name = "Base Fuel Calculator";
			sourceTree = "<group>";
		};
		7850CD5C1E8975DC00FF44C5 /* Extensions */ = {
			isa = PBXGroup;
			children = (
				7850CD5D1E8975F500FF44C5 /* GasStationFromDict.swift */,
				7850CD5F1E898A4200FF44C5 /* MKGasStation.swift */,
				783D7A1E1E8AF78100B2A054 /* GasStationFromDbModel.swift */,
				784C7BB01E8B9AD7000365BE /* CurrentChargeFromDbModel.swift */,
			);
			name = Extensions;
			sourceTree = "<group>";
		};
		78537CC31E7C38D0005BBC24 = {
			isa = PBXGroup;
			children = (
				78537CCE1E7C38D1005BBC24 /* Fuel economy smart calc. */,
				78537CCD1E7C38D1005BBC24 /* Products */,
				502EF40768150AF9035AAD80 /* Pods */,
				FE49C246338FB0894C478817 /* Frameworks */,
			);
			sourceTree = "<group>";
		};
		78537CCD1E7C38D1005BBC24 /* Products */ = {
			isa = PBXGroup;
			children = (
				78537CCC1E7C38D1005BBC24 /* Fuel economy smart calc..app */,
			);
			name = Products;
			sourceTree = "<group>";
		};
		78537CCE1E7C38D1005BBC24 /* Fuel economy smart calc. */ = {
			isa = PBXGroup;
			children = (
				78F7E9031E7D2E8C0081E4B6 /* BaseFuelCalculatorBrain.swift */,
				78537CD31E7C38D1005BBC24 /* Main.storyboard */,
				78C1F63B1E8AB08E0032AC2D /* DbModel.xcdatamodeld */,
				78CF6F371E892ED60096DCB4 /* Data */,
				78455B331E8042EF00C7013F /* Base Fuel Calculator */,
				78E612081E8279050098B35B /* Charges */,
				78E612071E82789E0098B35B /* Models */,
				78CDFB941E850DDA00A7D1C2 /* Graph */,
				78537CE11E7C3905005BBC24 /* Supporting Files */,
				781A85B61E87ED270024A5D6 /* CurrentCharge */,
				781A85B71E87ED3A0024A5D6 /* Charging */,
				78E20A551E86545B00001E58 /* Extensions */,
			);
			path = "Fuel economy smart calc.";
			sourceTree = "<group>";
		};
		78537CE11E7C3905005BBC24 /* Supporting Files */ = {
			isa = PBXGroup;
			children = (
				78537CCF1E7C38D1005BBC24 /* AppDelegate.swift */,
				78537CD61E7C38D1005BBC24 /* Assets.xcassets */,
				78537CD81E7C38D1005BBC24 /* LaunchScreen.storyboard */,
				78537CDB1E7C38D1005BBC24 /* Info.plist */,
				789F70121E8917FD00F96B0A /* GoogleService-Info.plist */,
			);
			name = "Supporting Files";
			sourceTree = "<group>";
		};
		78C1F6361E8AAFC80032AC2D /* Db */ = {
			isa = PBXGroup;
			children = (
				78C1F6371E8AB0110032AC2D /* DbModelCharge.swift */,
				78C1F6391E8AB04F0032AC2D /* DbModelGasStation.swift */,
				78F6C6231E8B8FE90020CB3E /* DbModelCurrentCharge.swift */,
			);
			name = Db;
			sourceTree = "<group>";
		};
		78CDFB941E850DDA00A7D1C2 /* Graph */ = {
			isa = PBXGroup;
			children = (
				78E612091E828ADE0098B35B /* GraphViewController.swift */,
				78E6120B1E828B3A0098B35B /* GraphView.swift */,
			);
			name = Graph;
			sourceTree = "<group>";
		};
		78CF6F371E892ED60096DCB4 /* Data */ = {
			isa = PBXGroup;
			children = (
				78CF6F3B1E892F7C0096DCB4 /* Delegates */,
				78CF6F381E892EE70096DCB4 /* Base */,
				78CF6F3E1E89313C0096DCB4 /* FireBaseGasStationData.swift */,
				78C1F6401E8AC2B00032AC2D /* GasStationData.swift */,
				784C7BAC1E8B9475000365BE /* ChargesData.swift */,
			);
			name = Data;
			sourceTree = "<group>";
		};
		78CF6F381E892EE70096DCB4 /* Base */ = {
			isa = PBXGroup;
			children = (
				78CF6F391E892F040096DCB4 /* BaseGasStationData.swift */,
				78C1F63E1E8AC2290032AC2D /* BaseRemoteGasStationData.swift */,
				78F6C6251E8B91200020CB3E /* BaseChargesData.swift */,
			);
			name = Base;
			sourceTree = "<group>";
		};
		78CF6F3B1E892F7C0096DCB4 /* Delegates */ = {
			isa = PBXGroup;
			children = (
				78CF6F3C1E8930AB0096DCB4 /* GasStationDataDelegate.swift */,
				78C1F6421E8AC4E70032AC2D /* RemoteGasStationDataDelegate.swift */,
				784C7BAE1E8B9560000365BE /* ChargesDataDelegate.swift */,
			);
			name = Delegates;
			sourceTree = "<group>";
		};
		78E20A551E86545B00001E58 /* Extensions */ = {
			isa = PBXGroup;
			children = (
				78E20A561E86549200001E58 /* VCDismissKeyboardExtension.swift */,
			);
			name = Extensions;
			sourceTree = "<group>";
		};
		78E612071E82789E0098B35B /* Models */ = {
			isa = PBXGroup;
			children = (
				78C1F6361E8AAFC80032AC2D /* Db */,
				7850CD5C1E8975DC00FF44C5 /* Extensions */,
				780C797F1E81560C00E3369A /* Charge.swift */,
				78F6C6271E8B91750020CB3E /* CurrentCharge.swift */,
				78CF6F341E8928440096DCB4 /* GasStation.swift */,
			);
			name = Models;
			sourceTree = "<group>";
		};
		78E612081E8279050098B35B /* Charges */ = {
			isa = PBXGroup;
			children = (
				780C797D1E8155EA00E3369A /* ChargesTableViewController.swift */,
				781A85B81E87EEA70024A5D6 /* ChargeLocationViewController.swift */,
				780C79811E815C6200E3369A /* ChargeTableViewCell.swift */,
			);
			name = Charges;
			sourceTree = "<group>";
		};
		FE49C246338FB0894C478817 /* Frameworks */ = {
			isa = PBXGroup;
			children = (
				8322E4FBD878951C516B6925 /* Pods_Fuel_economy_smart_calc_.framework */,
			);
			name = Frameworks;
			sourceTree = "<group>";
		};
/* End PBXGroup section */

/* Begin PBXNativeTarget section */
		78537CCB1E7C38D0005BBC24 /* Fuel economy smart calc. */ = {
			isa = PBXNativeTarget;
			buildConfigurationList = 78537CDE1E7C38D1005BBC24 /* Build configuration list for PBXNativeTarget "Fuel economy smart calc." */;
			buildPhases = (
				EDD2714CDDE39120A53ED17C /* [CP] Check Pods Manifest.lock */,
				78537CC81E7C38D0005BBC24 /* Sources */,
				78537CC91E7C38D0005BBC24 /* Frameworks */,
				78537CCA1E7C38D0005BBC24 /* Resources */,
				417D8D92408A983B1D458398 /* [CP] Embed Pods Frameworks */,
				E3287D951B1CA9276CB379B3 /* [CP] Copy Pods Resources */,
			);
			buildRules = (
			);
			dependencies = (
			);
			name = "Fuel economy smart calc.";
			productName = "Fuel economy smart calc.";
			productReference = 78537CCC1E7C38D1005BBC24 /* Fuel economy smart calc..app */;
			productType = "com.apple.product-type.application";
		};
/* End PBXNativeTarget section */

/* Begin PBXProject section */
		78537CC41E7C38D0005BBC24 /* Project object */ = {
			isa = PBXProject;
			attributes = {
				LastSwiftUpdateCheck = 0820;
				LastUpgradeCheck = 0820;
				ORGANIZATIONNAME = "Nikolay Prodanow";
				TargetAttributes = {
					78537CCB1E7C38D0005BBC24 = {
						CreatedOnToolsVersion = 8.2.1;
						DevelopmentTeam = N5G47N4HRW;
						ProvisioningStyle = Automatic;
					};
				};
			};
			buildConfigurationList = 78537CC71E7C38D0005BBC24 /* Build configuration list for PBXProject "Fuel economy smart calc." */;
			compatibilityVersion = "Xcode 3.2";
			developmentRegion = English;
			hasScannedForEncodings = 0;
			knownRegions = (
				en,
				Base,
			);
			mainGroup = 78537CC31E7C38D0005BBC24;
			productRefGroup = 78537CCD1E7C38D1005BBC24 /* Products */;
			projectDirPath = "";
			projectRoot = "";
			targets = (
				78537CCB1E7C38D0005BBC24 /* Fuel economy smart calc. */,
			);
		};
/* End PBXProject section */

/* Begin PBXResourcesBuildPhase section */
		78537CCA1E7C38D0005BBC24 /* Resources */ = {
			isa = PBXResourcesBuildPhase;
			buildActionMask = 2147483647;
			files = (
				78537CDA1E7C38D1005BBC24 /* LaunchScreen.storyboard in Resources */,
				789F70131E8917FD00F96B0A /* GoogleService-Info.plist in Resources */,
				78537CD71E7C38D1005BBC24 /* Assets.xcassets in Resources */,
				78537CD51E7C38D1005BBC24 /* Main.storyboard in Resources */,
			);
			runOnlyForDeploymentPostprocessing = 0;
		};
/* End PBXResourcesBuildPhase section */

/* Begin PBXShellScriptBuildPhase section */
		417D8D92408A983B1D458398 /* [CP] Embed Pods Frameworks */ = {
			isa = PBXShellScriptBuildPhase;
			buildActionMask = 2147483647;
			files = (
			);
			inputPaths = (
			);
			name = "[CP] Embed Pods Frameworks";
			outputPaths = (
			);
			runOnlyForDeploymentPostprocessing = 0;
			shellPath = /bin/sh;
			shellScript = "\"${SRCROOT}/Pods/Target Support Files/Pods-Fuel economy smart calc./Pods-Fuel economy smart calc.-frameworks.sh\"\n";
			showEnvVarsInLog = 0;
		};
		E3287D951B1CA9276CB379B3 /* [CP] Copy Pods Resources */ = {
			isa = PBXShellScriptBuildPhase;
			buildActionMask = 2147483647;
			files = (
			);
			inputPaths = (
			);
			name = "[CP] Copy Pods Resources";
			outputPaths = (
			);
			runOnlyForDeploymentPostprocessing = 0;
			shellPath = /bin/sh;
			shellScript = "\"${SRCROOT}/Pods/Target Support Files/Pods-Fuel economy smart calc./Pods-Fuel economy smart calc.-resources.sh\"\n";
			showEnvVarsInLog = 0;
		};
		EDD2714CDDE39120A53ED17C /* [CP] Check Pods Manifest.lock */ = {
			isa = PBXShellScriptBuildPhase;
			buildActionMask = 2147483647;
			files = (
			);
			inputPaths = (
			);
			name = "[CP] Check Pods Manifest.lock";
			outputPaths = (
			);
			runOnlyForDeploymentPostprocessing = 0;
			shellPath = /bin/sh;
			shellScript = "diff \"${PODS_ROOT}/../Podfile.lock\" \"${PODS_ROOT}/Manifest.lock\" > /dev/null\nif [ $? != 0 ] ; then\n    # print error to STDERR\n    echo \"error: The sandbox is not in sync with the Podfile.lock. Run 'pod install' or update your CocoaPods installation.\" >&2\n    exit 1\nfi\n";
			showEnvVarsInLog = 0;
		};
/* End PBXShellScriptBuildPhase section */

/* Begin PBXSourcesBuildPhase section */
		78537CC81E7C38D0005BBC24 /* Sources */ = {
			isa = PBXSourcesBuildPhase;
			buildActionMask = 2147483647;
			files = (
				781A85B51E87C3290024A5D6 /* LocationSearchTable.swift in Sources */,
				78F7E9041E7D2E8C0081E4B6 /* BaseFuelCalculatorBrain.swift in Sources */,
				78CDFB961E850E0F00A7D1C2 /* CurrentChargeViewController.swift in Sources */,
				78C1F6411E8AC2B00032AC2D /* GasStationData.swift in Sources */,
				78CF6F351E8928440096DCB4 /* GasStation.swift in Sources */,
				781A85B31E87A4900024A5D6 /* GasStationLocationViewController.swift in Sources */,
				784C7BAF1E8B9560000365BE /* ChargesDataDelegate.swift in Sources */,
				78C1F6431E8AC4E70032AC2D /* RemoteGasStationDataDelegate.swift in Sources */,
				78B4C1561E7D150700D17916 /* BaseFCViewController.swift in Sources */,
				7850CD5E1E8975F500FF44C5 /* GasStationFromDict.swift in Sources */,
				78C1F6381E8AB0110032AC2D /* DbModelCharge.swift in Sources */,
				78E6120A1E828ADE0098B35B /* GraphViewController.swift in Sources */,
				78E20A571E86549200001E58 /* VCDismissKeyboardExtension.swift in Sources */,
				78C1F63A1E8AB04F0032AC2D /* DbModelGasStation.swift in Sources */,
				78C1F63D1E8AB08E0032AC2D /* DbModel.xcdatamodeld in Sources */,
				784C7BB11E8B9AD7000365BE /* CurrentChargeFromDbModel.swift in Sources */,
				780C79801E81560C00E3369A /* Charge.swift in Sources */,
				78CF6F3A1E892F040096DCB4 /* BaseGasStationData.swift in Sources */,
				780C79821E815C6200E3369A /* ChargeTableViewCell.swift in Sources */,
				78C1F63F1E8AC2290032AC2D /* BaseRemoteGasStationData.swift in Sources */,
				781A85B91E87EEA70024A5D6 /* ChargeLocationViewController.swift in Sources */,
				78F6C6281E8B91750020CB3E /* CurrentCharge.swift in Sources */,
				78CF6F3D1E8930AB0096DCB4 /* GasStationDataDelegate.swift in Sources */,
				7850CD601E898A4200FF44C5 /* MKGasStation.swift in Sources */,
				783D7A1F1E8AF78100B2A054 /* GasStationFromDbModel.swift in Sources */,
				784C7BAD1E8B9475000365BE /* ChargesData.swift in Sources */,
				78F6C6261E8B91200020CB3E /* BaseChargesData.swift in Sources */,
				780C797E1E8155EA00E3369A /* ChargesTableViewController.swift in Sources */,
				78E20A591E86715000001E58 /* ChargingViewController.swift in Sources */,
				78537CD01E7C38D1005BBC24 /* AppDelegate.swift in Sources */,
				78F6C6241E8B8FE90020CB3E /* DbModelCurrentCharge.swift in Sources */,
				78E6120C1E828B3A0098B35B /* GraphView.swift in Sources */,
				78CF6F3F1E89313C0096DCB4 /* FireBaseGasStationData.swift in Sources */,
			);
			runOnlyForDeploymentPostprocessing = 0;
		};
/* End PBXSourcesBuildPhase section */

/* Begin PBXVariantGroup section */
		78537CD31E7C38D1005BBC24 /* Main.storyboard */ = {
			isa = PBXVariantGroup;
			children = (
				78537CD41E7C38D1005BBC24 /* Base */,
			);
			name = Main.storyboard;
			sourceTree = "<group>";
		};
		78537CD81E7C38D1005BBC24 /* LaunchScreen.storyboard */ = {
			isa = PBXVariantGroup;
			children = (
				78537CD91E7C38D1005BBC24 /* Base */,
			);
			name = LaunchScreen.storyboard;
			sourceTree = "<group>";
		};
/* End PBXVariantGroup section */

/* Begin XCBuildConfiguration section */
		78537CDC1E7C38D1005BBC24 /* Debug */ = {
			isa = XCBuildConfiguration;
			buildSettings = {
				ALWAYS_SEARCH_USER_PATHS = NO;
				CLANG_ANALYZER_NONNULL = YES;
				CLANG_CXX_LANGUAGE_STANDARD = "gnu++0x";
				CLANG_CXX_LIBRARY = "libc++";
				CLANG_ENABLE_MODULES = YES;
				CLANG_ENABLE_OBJC_ARC = YES;
				CLANG_WARN_BOOL_CONVERSION = YES;
				CLANG_WARN_CONSTANT_CONVERSION = YES;
				CLANG_WARN_DIRECT_OBJC_ISA_USAGE = YES_ERROR;
				CLANG_WARN_DOCUMENTATION_COMMENTS = YES;
				CLANG_WARN_EMPTY_BODY = YES;
				CLANG_WARN_ENUM_CONVERSION = YES;
				CLANG_WARN_INFINITE_RECURSION = YES;
				CLANG_WARN_INT_CONVERSION = YES;
				CLANG_WARN_OBJC_ROOT_CLASS = YES_ERROR;
				CLANG_WARN_SUSPICIOUS_MOVE = YES;
				CLANG_WARN_UNREACHABLE_CODE = YES;
				CLANG_WARN__DUPLICATE_METHOD_MATCH = YES;
				"CODE_SIGN_IDENTITY[sdk=iphoneos*]" = "iPhone Developer";
				COPY_PHASE_STRIP = NO;
				DEBUG_INFORMATION_FORMAT = dwarf;
				ENABLE_STRICT_OBJC_MSGSEND = YES;
				ENABLE_TESTABILITY = YES;
				GCC_C_LANGUAGE_STANDARD = gnu99;
				GCC_DYNAMIC_NO_PIC = NO;
				GCC_NO_COMMON_BLOCKS = YES;
				GCC_OPTIMIZATION_LEVEL = 0;
				GCC_PREPROCESSOR_DEFINITIONS = (
					"DEBUG=1",
					"$(inherited)",
				);
				GCC_WARN_64_TO_32_BIT_CONVERSION = YES;
				GCC_WARN_ABOUT_RETURN_TYPE = YES_ERROR;
				GCC_WARN_UNDECLARED_SELECTOR = YES;
				GCC_WARN_UNINITIALIZED_AUTOS = YES_AGGRESSIVE;
				GCC_WARN_UNUSED_FUNCTION = YES;
				GCC_WARN_UNUSED_VARIABLE = YES;
				IPHONEOS_DEPLOYMENT_TARGET = 10.2;
				MTL_ENABLE_DEBUG_INFO = YES;
				ONLY_ACTIVE_ARCH = YES;
				SDKROOT = iphoneos;
				SWIFT_ACTIVE_COMPILATION_CONDITIONS = DEBUG;
				SWIFT_OPTIMIZATION_LEVEL = "-Onone";
				TARGETED_DEVICE_FAMILY = "1,2";
			};
			name = Debug;
		};
		78537CDD1E7C38D1005BBC24 /* Release */ = {
			isa = XCBuildConfiguration;
			buildSettings = {
				ALWAYS_SEARCH_USER_PATHS = NO;
				CLANG_ANALYZER_NONNULL = YES;
				CLANG_CXX_LANGUAGE_STANDARD = "gnu++0x";
				CLANG_CXX_LIBRARY = "libc++";
				CLANG_ENABLE_MODULES = YES;
				CLANG_ENABLE_OBJC_ARC = YES;
				CLANG_WARN_BOOL_CONVERSION = YES;
				CLANG_WARN_CONSTANT_CONVERSION = YES;
				CLANG_WARN_DIRECT_OBJC_ISA_USAGE = YES_ERROR;
				CLANG_WARN_DOCUMENTATION_COMMENTS = YES;
				CLANG_WARN_EMPTY_BODY = YES;
				CLANG_WARN_ENUM_CONVERSION = YES;
				CLANG_WARN_INFINITE_RECURSION = YES;
				CLANG_WARN_INT_CONVERSION = YES;
				CLANG_WARN_OBJC_ROOT_CLASS = YES_ERROR;
				CLANG_WARN_SUSPICIOUS_MOVE = YES;
				CLANG_WARN_UNREACHABLE_CODE = YES;
				CLANG_WARN__DUPLICATE_METHOD_MATCH = YES;
				"CODE_SIGN_IDENTITY[sdk=iphoneos*]" = "iPhone Developer";
				COPY_PHASE_STRIP = NO;
				DEBUG_INFORMATION_FORMAT = "dwarf-with-dsym";
				ENABLE_NS_ASSERTIONS = NO;
				ENABLE_STRICT_OBJC_MSGSEND = YES;
				GCC_C_LANGUAGE_STANDARD = gnu99;
				GCC_NO_COMMON_BLOCKS = YES;
				GCC_WARN_64_TO_32_BIT_CONVERSION = YES;
				GCC_WARN_ABOUT_RETURN_TYPE = YES_ERROR;
				GCC_WARN_UNDECLARED_SELECTOR = YES;
				GCC_WARN_UNINITIALIZED_AUTOS = YES_AGGRESSIVE;
				GCC_WARN_UNUSED_FUNCTION = YES;
				GCC_WARN_UNUSED_VARIABLE = YES;
				IPHONEOS_DEPLOYMENT_TARGET = 10.2;
				MTL_ENABLE_DEBUG_INFO = NO;
				SDKROOT = iphoneos;
				SWIFT_OPTIMIZATION_LEVEL = "-Owholemodule";
				TARGETED_DEVICE_FAMILY = "1,2";
				VALIDATE_PRODUCT = YES;
			};
			name = Release;
		};
		78537CDF1E7C38D1005BBC24 /* Debug */ = {
			isa = XCBuildConfiguration;
			baseConfigurationReference = C3C69D147A7C07A590E354ED /* Pods-Fuel economy smart calc..debug.xcconfig */;
			buildSettings = {
				ASSETCATALOG_COMPILER_APPICON_NAME = AppIcon;
				DEVELOPMENT_TEAM = N5G47N4HRW;
				INFOPLIST_FILE = "Fuel economy smart calc./Info.plist";
				LD_RUNPATH_SEARCH_PATHS = "$(inherited) @executable_path/Frameworks";
				PRODUCT_BUNDLE_IDENTIFIER = "NP.Fuel-economy-smart-calc-";
				PRODUCT_NAME = "$(TARGET_NAME)";
				SWIFT_VERSION = 3.0;
			};
			name = Debug;
		};
		78537CE01E7C38D1005BBC24 /* Release */ = {
			isa = XCBuildConfiguration;
			baseConfigurationReference = 8A2034E15604D52A14D31A88 /* Pods-Fuel economy smart calc..release.xcconfig */;
			buildSettings = {
				ASSETCATALOG_COMPILER_APPICON_NAME = AppIcon;
				DEVELOPMENT_TEAM = N5G47N4HRW;
				INFOPLIST_FILE = "Fuel economy smart calc./Info.plist";
				LD_RUNPATH_SEARCH_PATHS = "$(inherited) @executable_path/Frameworks";
				PRODUCT_BUNDLE_IDENTIFIER = "NP.Fuel-economy-smart-calc-";
				PRODUCT_NAME = "$(TARGET_NAME)";
				SWIFT_VERSION = 3.0;
			};
			name = Release;
		};
/* End XCBuildConfiguration section */

/* Begin XCConfigurationList section */
		78537CC71E7C38D0005BBC24 /* Build configuration list for PBXProject "Fuel economy smart calc." */ = {
			isa = XCConfigurationList;
			buildConfigurations = (
				78537CDC1E7C38D1005BBC24 /* Debug */,
				78537CDD1E7C38D1005BBC24 /* Release */,
			);
			defaultConfigurationIsVisible = 0;
			defaultConfigurationName = Release;
		};
		78537CDE1E7C38D1005BBC24 /* Build configuration list for PBXNativeTarget "Fuel economy smart calc." */ = {
			isa = XCConfigurationList;
			buildConfigurations = (
				78537CDF1E7C38D1005BBC24 /* Debug */,
				78537CE01E7C38D1005BBC24 /* Release */,
			);
			defaultConfigurationIsVisible = 0;
			defaultConfigurationName = Release;
		};
/* End XCConfigurationList section */

/* Begin XCVersionGroup section */
		78C1F63B1E8AB08E0032AC2D /* DbModel.xcdatamodeld */ = {
			isa = XCVersionGroup;
			children = (
				78C1F63C1E8AB08E0032AC2D /* DbModel.xcdatamodel */,
			);
			currentVersion = 78C1F63C1E8AB08E0032AC2D /* DbModel.xcdatamodel */;
			path = DbModel.xcdatamodeld;
			sourceTree = "<group>";
			versionGroupType = wrapper.xcdatamodel;
		};
/* End XCVersionGroup section */
	};
	rootObject = 78537CC41E7C38D0005BBC24 /* Project object */;
}
